{
  "name": "vowels-counter-console",
  "version": "1.0.0",
  "lockfileVersion": 1,
  "requires": true,
  "dependencies": {
    "vowels-counter": {
      "version": "1.0.4",
      "resolved": "https://registry.npmjs.org/vowels-counter/-/vowels-counter-1.0.4.tgz",
      "integrity": "sha512-jpyArCMd/wxoSp+Uts86Q68ynUVI5pvAjUxFsLHOZNN1lNyyl3y43IiVoCPjE0pc8W1ES7gKEqdJs8YpTuHf3A=="
    }
  }
}
