{
  "name": "vowels-counter-console",
  "version": "1.0.0",
  "lockfileVersion": 1,
  "requires": true,
  "dependencies": {
    "vowels-counter": {
      "version": "1.0.1",
      "resolved": "https://registry.npmjs.org/vowels-counter/-/vowels-counter-1.0.1.tgz",
      "integrity": "sha512-D3v1yM0+SfN5x2HADJ5KQvAYEfRz/9vlY7lWuYvSz3hOS1k8n4spsRuDkLiMjLEY8tRAzIQWTInObHjlfmHMww=="
    }
  }
}
