{
  "name": "vowels-counter-console",
  "version": "1.0.0",
  "lockfileVersion": 1,
  "requires": true,
  "dependencies": {
    "vowels-counter": {
      "version": "1.0.3",
      "resolved": "https://registry.npmjs.org/vowels-counter/-/vowels-counter-1.0.3.tgz",
      "integrity": "sha512-e5UNBd1zO5L4JjEG7L50b/92dC6qFztx0iNfCabEF5VwYL/7/EMw1iAaSVG1yPmxcDqpyICOjHNV0CJG0KM7tw=="
    }
  }
}
